
Microsoft Visual Studio Solution File, Format Version 12.00
# Visual Studio 15
VisualStudioVersion = 15.0.26430.4
MinimumVisualStudioVersion = 10.0.40219.1
Project("{FAE04EC0-301F-11D3-BF4B-00C04F79EFBC}") = "ClientUI", "ClientUI\ClientUI.csproj", "{8F4AE07E-38B2-4D44-9407-9E65F98A3756}"
EndProject
Project("{FAE04EC0-301F-11D3-BF4B-00C04F79EFBC}") = "Receive", "Receive\Receive.csproj", "{D8E76D8F-091C-454A-B88F-74FE6E2F5245}"
EndProject
Global
	GlobalSection(SolutionConfigurationPlatforms) = preSolution
		Debug|Any CPU = Debug|Any CPU
		Release|Any CPU = Release|Any CPU
	EndGlobalSection
	GlobalSection(ProjectConfigurationPlatforms) = postSolution
		{8F4AE07E-38B2-4D44-9407-9E65F98A3756}.Debug|Any CPU.ActiveCfg = Debug|Any CPU
		{8F4AE07E-38B2-4D44-9407-9E65F98A3756}.Debug|Any CPU.Build.0 = Debug|Any CPU
		{8F4AE07E-38B2-4D44-9407-9E65F98A3756}.Release|Any CPU.ActiveCfg = Release|Any CPU
		{8F4AE07E-38B2-4D44-9407-9E65F98A3756}.Release|Any CPU.Build.0 = Release|Any CPU
		{D8E76D8F-091C-454A-B88F-74FE6E2F5245}.Debug|Any CPU.ActiveCfg = Debug|Any CPU
		{D8E76D8F-091C-454A-B88F-74FE6E2F5245}.Debug|Any CPU.Build.0 = Debug|Any CPU
		{D8E76D8F-091C-454A-B88F-74FE6E2F5245}.Release|Any CPU.ActiveCfg = Release|Any CPU
		{D8E76D8F-091C-454A-B88F-74FE6E2F5245}.Release|Any CPU.Build.0 = Release|Any CPU
	EndGlobalSection
	GlobalSection(SolutionProperties) = preSolution
		HideSolutionNode = FALSE
	EndGlobalSection
EndGlobal
